
Microsoft Visual Studio Solution File, Format Version 12.00
# 
Project("{2150E333-8FDC-42A3-9474-1A3956D46DE8}") = "src", "src", "{B7D9E035-F77A-42CC-BB34-769252FC4596}"
EndProject
Project("{FAE04EC0-301F-11D3-BF4B-00C04F79EFBC}") = "Sery.Domain", "src\Sery.Domain\Sery.Domain.csproj", "{A7A7D16C-07B2-46D5-A1AC-AC7DC5474777}"
EndProject
Project("{FAE04EC0-301F-11D3-BF4B-00C04F79EFBC}") = "Sery.Application", "src\Sery.Application\Sery.Application.csproj", "{4E201D65-80A8-4C90-B9C9-51B0F079ED87}"
EndProject
Project("{FAE04EC0-301F-11D3-BF4B-00C04F79EFBC}") = "Sery.Infrastructure", "src\Sery.Infrastructure\Sery.Infrastructure.csproj", "{8EE5D678-273B-49A6-BB85-E17FF47914B1}"
EndProject
Project("{FAE04EC0-301F-11D3-BF4B-00C04F79EFBC}") = "Sery.API", "src\Sery.API\Sery.API.csproj", "{D39A1B3B-8235-438F-9382-19EEB6ED08A1}"
EndProject
Project("{2150E333-8FDC-42A3-9474-1A3956D46DE8}") = "tests", "tests", "{79FE3DCF-EA8C-4CEC-A384-82127E98E870}"
EndProject
Project("{FAE04EC0-301F-11D3-BF4B-00C04F79EFBC}") = "Sery.Domain.Tests", "tests\Sery.Domain.Tests\Sery.Domain.Tests.csproj", "{55CDE842-8BF3-4A06-A4DD-D26A9118D593}"
EndProject
Project("{FAE04EC0-301F-11D3-BF4B-00C04F79EFBC}") = "Sery.Application.Tests", "tests\Sery.Application.Tests\Sery.Application.Tests.csproj", "{F7FB1CF9-00E1-40D4-9BBA-76399FCA9BCC}"
EndProject
Project("{FAE04EC0-301F-11D3-BF4B-00C04F79EFBC}") = "Sery.API.IntegrationTests", "tests\Sery.API.IntegrationTests\Sery.API.IntegrationTests.csproj", "{C10395C5-E94B-4474-B2CD-255193942635}"
EndProject
Project("{FAE04EC0-301F-11D3-BF4B-00C04F79EFBC}") = "Sery.Architecture.Tests", "tests\Sery.Architecture.Tests\Sery.Architecture.Tests.csproj", "{C6C51E15-8915-4D80-9768-278FDAABC76F}"
EndProject
Global
	GlobalSection(SolutionConfigurationPlatforms) = preSolution
		Debug|Any CPU = Debug|Any CPU
		Debug|x64 = Debug|x64
		Debug|x86 = Debug|x86
		Release|Any CPU = Release|Any CPU
		Release|x64 = Release|x64
		Release|x86 = Release|x86
	EndGlobalSection
	GlobalSection(ProjectConfigurationPlatforms) = postSolution
		{A7A7D16C-07B2-46D5-A1AC-AC7DC5474777}.Debug|Any CPU.ActiveCfg = Debug|Any CPU
		{A7A7D16C-07B2-46D5-A1AC-AC7DC5474777}.Debug|Any CPU.Build.0 = Debug|Any CPU
		{A7A7D16C-07B2-46D5-A1AC-AC7DC5474777}.Debug|x64.ActiveCfg = Debug|Any CPU
		{A7A7D16C-07B2-46D5-A1AC-AC7DC5474777}.Debug|x64.Build.0 = Debug|Any CPU
		{A7A7D16C-07B2-46D5-A1AC-AC7DC5474777}.Debug|x86.ActiveCfg = Debug|Any CPU
		{A7A7D16C-07B2-46D5-A1AC-AC7DC5474777}.Debug|x86.Build.0 = Debug|Any CPU
		{A7A7D16C-07B2-46D5-A1AC-AC7DC5474777}.Release|Any CPU.ActiveCfg = Release|Any CPU
		{A7A7D16C-07B2-46D5-A1AC-AC7DC5474777}.Release|Any CPU.Build.0 = Release|Any CPU
		{A7A7D16C-07B2-46D5-A1AC-AC7DC5474777}.Release|x64.ActiveCfg = Release|Any CPU
		{A7A7D16C-07B2-46D5-A1AC-AC7DC5474777}.Release|x64.Build.0 = Release|Any CPU
		{A7A7D16C-07B2-46D5-A1AC-AC7DC5474777}.Release|x86.ActiveCfg = Release|Any CPU
		{A7A7D16C-07B2-46D5-A1AC-AC7DC5474777}.Release|x86.Build.0 = Release|Any CPU
		{4E201D65-80A8-4C90-B9C9-51B0F079ED87}.Debug|Any CPU.ActiveCfg = Debug|Any CPU
		{4E201D65-80A8-4C90-B9C9-51B0F079ED87}.Debug|Any CPU.Build.0 = Debug|Any CPU
		{4E201D65-80A8-4C90-B9C9-51B0F079ED87}.Debug|x64.ActiveCfg = Debug|Any CPU
		{4E201D65-80A8-4C90-B9C9-51B0F079ED87}.Debug|x64.Build.0 = Debug|Any CPU
		{4E201D65-80A8-4C90-B9C9-51B0F079ED87}.Debug|x86.ActiveCfg = Debug|Any CPU
		{4E201D65-80A8-4C90-B9C9-51B0F079ED87}.Debug|x86.Build.0 = Debug|Any CPU
		{4E201D65-80A8-4C90-B9C9-51B0F079ED87}.Release|Any CPU.ActiveCfg = Release|Any CPU
		{4E201D65-80A8-4C90-B9C9-51B0F079ED87}.Release|Any CPU.Build.0 = Release|Any CPU
		{4E201D65-80A8-4C90-B9C9-51B0F079ED87}.Release|x64.ActiveCfg = Release|Any CPU
		{4E201D65-80A8-4C90-B9C9-51B0F079ED87}.Release|x64.Build.0 = Release|Any CPU
		{4E201D65-80A8-4C90-B9C9-51B0F079ED87}.Release|x86.ActiveCfg = Release|Any CPU
		{4E201D65-80A8-4C90-B9C9-51B0F079ED87}.Release|x86.Build.0 = Release|Any CPU
		{8EE5D678-273B-49A6-BB85-E17FF47914B1}.Debug|Any CPU.ActiveCfg = Debug|Any CPU
		{8EE5D678-273B-49A6-BB85-E17FF47914B1}.Debug|Any CPU.Build.0 = Debug|Any CPU
		{8EE5D678-273B-49A6-BB85-E17FF47914B1}.Debug|x64.ActiveCfg = Debug|Any CPU
		{8EE5D678-273B-49A6-BB85-E17FF47914B1}.Debug|x64.Build.0 = Debug|Any CPU
		{8EE5D678-273B-49A6-BB85-E17FF47914B1}.Debug|x86.ActiveCfg = Debug|Any CPU
		{8EE5D678-273B-49A6-BB85-E17FF47914B1}.Debug|x86.Build.0 = Debug|Any CPU
		{8EE5D678-273B-49A6-BB85-E17FF47914B1}.Release|Any CPU.ActiveCfg = Release|Any CPU
		{8EE5D678-273B-49A6-BB85-E17FF47914B1}.Release|Any CPU.Build.0 = Release|Any CPU
		{8EE5D678-273B-49A6-BB85-E17FF47914B1}.Release|x64.ActiveCfg = Release|Any CPU
		{8EE5D678-273B-49A6-BB85-E17FF47914B1}.Release|x64.Build.0 = Release|Any CPU
		{8EE5D678-273B-49A6-BB85-E17FF47914B1}.Release|x86.ActiveCfg = Release|Any CPU
		{8EE5D678-273B-49A6-BB85-E17FF47914B1}.Release|x86.Build.0 = Release|Any CPU
		{D39A1B3B-8235-438F-9382-19EEB6ED08A1}.Debug|Any CPU.ActiveCfg = Debug|Any CPU
		{D39A1B3B-8235-438F-9382-19EEB6ED08A1}.Debug|Any CPU.Build.0 = Debug|Any CPU
		{D39A1B3B-8235-438F-9382-19EEB6ED08A1}.Debug|x64.ActiveCfg = Debug|Any CPU
		{D39A1B3B-8235-438F-9382-19EEB6ED08A1}.Debug|x64.Build.0 = Debug|Any CPU
		{D39A1B3B-8235-438F-9382-19EEB6ED08A1}.Debug|x86.ActiveCfg = Debug|Any CPU
		{D39A1B3B-8235-438F-9382-19EEB6ED08A1}.Debug|x86.Build.0 = Debug|Any CPU
		{D39A1B3B-8235-438F-9382-19EEB6ED08A1}.Release|Any CPU.ActiveCfg = Release|Any CPU
		{D39A1B3B-8235-438F-9382-19EEB6ED08A1}.Release|Any CPU.Build.0 = Release|Any CPU
		{D39A1B3B-8235-438F-9382-19EEB6ED08A1}.Release|x64.ActiveCfg = Release|Any CPU
		{D39A1B3B-8235-438F-9382-19EEB6ED08A1}.Release|x64.Build.0 = Release|Any CPU
		{D39A1B3B-8235-438F-9382-19EEB6ED08A1}.Release|x86.ActiveCfg = Release|Any CPU
		{D39A1B3B-8235-438F-9382-19EEB6ED08A1}.Release|x86.Build.0 = Release|Any CPU
		{55CDE842-8BF3-4A06-A4DD-D26A9118D593}.Debug|Any CPU.ActiveCfg = Debug|Any CPU
		{55CDE842-8BF3-4A06-A4DD-D26A9118D593}.Debug|Any CPU.Build.0 = Debug|Any CPU
		{55CDE842-8BF3-4A06-A4DD-D26A9118D593}.Debug|x64.ActiveCfg = Debug|Any CPU
		{55CDE842-8BF3-4A06-A4DD-D26A9118D593}.Debug|x64.Build.0 = Debug|Any CPU
		{55CDE842-8BF3-4A06-A4DD-D26A9118D593}.Debug|x86.ActiveCfg = Debug|Any CPU
		{55CDE842-8BF3-4A06-A4DD-D26A9118D593}.Debug|x86.Build.0 = Debug|Any CPU
		{55CDE842-8BF3-4A06-A4DD-D26A9118D593}.Release|Any CPU.ActiveCfg = Release|Any CPU
		{55CDE842-8BF3-4A06-A4DD-D26A9118D593}.Release|Any CPU.Build.0 = Release|Any CPU
		{55CDE842-8BF3-4A06-A4DD-D26A9118D593}.Release|x64.ActiveCfg = Release|Any CPU
		{55CDE842-8BF3-4A06-A4DD-D26A9118D593}.Release|x64.Build.0 = Release|Any CPU
		{55CDE842-8BF3-4A06-A4DD-D26A9118D593}.Release|x86.ActiveCfg = Release|Any CPU
		{55CDE842-8BF3-4A06-A4DD-D26A9118D593}.Release|x86.Build.0 = Release|Any CPU
		{F7FB1CF9-00E1-40D4-9BBA-76399FCA9BCC}.Debug|Any CPU.ActiveCfg = Debug|Any CPU
		{F7FB1CF9-00E1-40D4-9BBA-76399FCA9BCC}.Debug|Any CPU.Build.0 = Debug|Any CPU
		{F7FB1CF9-00E1-40D4-9BBA-76399FCA9BCC}.Debug|x64.ActiveCfg = Debug|Any CPU
		{F7FB1CF9-00E1-40D4-9BBA-76399FCA9BCC}.Debug|x64.Build.0 = Debug|Any CPU
		{F7FB1CF9-00E1-40D4-9BBA-76399FCA9BCC}.Debug|x86.ActiveCfg = Debug|Any CPU
		{F7FB1CF9-00E1-40D4-9BBA-76399FCA9BCC}.Debug|x86.Build.0 = Debug|Any CPU
		{F7FB1CF9-00E1-40D4-9BBA-76399FCA9BCC}.Release|Any CPU.ActiveCfg = Release|Any CPU
		{F7FB1CF9-00E1-40D4-9BBA-76399FCA9BCC}.Release|Any CPU.Build.0 = Release|Any CPU
		{F7FB1CF9-00E1-40D4-9BBA-76399FCA9BCC}.Release|x64.ActiveCfg = Release|Any CPU
		{F7FB1CF9-00E1-40D4-9BBA-76399FCA9BCC}.Release|x64.Build.0 = Release|Any CPU
		{F7FB1CF9-00E1-40D4-9BBA-76399FCA9BCC}.Release|x86.ActiveCfg = Release|Any CPU
		{F7FB1CF9-00E1-40D4-9BBA-76399FCA9BCC}.Release|x86.Build.0 = Release|Any CPU
		{C10395C5-E94B-4474-B2CD-255193942635}.Debug|Any CPU.ActiveCfg = Debug|Any CPU
		{C10395C5-E94B-4474-B2CD-255193942635}.Debug|Any CPU.Build.0 = Debug|Any CPU
		{C10395C5-E94B-4474-B2CD-255193942635}.Debug|x64.ActiveCfg = Debug|Any CPU
		{C10395C5-E94B-4474-B2CD-255193942635}.Debug|x64.Build.0 = Debug|Any CPU
		{C10395C5-E94B-4474-B2CD-255193942635}.Debug|x86.ActiveCfg = Debug|Any CPU
		{C10395C5-E94B-4474-B2CD-255193942635}.Debug|x86.Build.0 = Debug|Any CPU
		{C10395C5-E94B-4474-B2CD-255193942635}.Release|Any CPU.ActiveCfg = Release|Any CPU
		{C10395C5-E94B-4474-B2CD-255193942635}.Release|Any CPU.Build.0 = Release|Any CPU
		{C10395C5-E94B-4474-B2CD-255193942635}.Release|x64.ActiveCfg = Release|Any CPU
		{C10395C5-E94B-4474-B2CD-255193942635}.Release|x64.Build.0 = Release|Any CPU
		{C10395C5-E94B-4474-B2CD-255193942635}.Release|x86.ActiveCfg = Release|Any CPU
		{C10395C5-E94B-4474-B2CD-255193942635}.Release|x86.Build.0 = Release|Any CPU
		{C6C51E15-8915-4D80-9768-278FDAABC76F}.Debug|Any CPU.ActiveCfg = Debug|Any CPU
		{C6C51E15-8915-4D80-9768-278FDAABC76F}.Debug|Any CPU.Build.0 = Debug|Any CPU
		{C6C51E15-8915-4D80-9768-278FDAABC76F}.Debug|x64.ActiveCfg = Debug|Any CPU
		{C6C51E15-8915-4D80-9768-278FDAABC76F}.Debug|x64.Build.0 = Debug|Any CPU
		{C6C51E15-8915-4D80-9768-278FDAABC76F}.Debug|x86.ActiveCfg = Debug|Any CPU
		{C6C51E15-8915-4D80-9768-278FDAABC76F}.Debug|x86.Build.0 = Debug|Any CPU
		{C6C51E15-8915-4D80-9768-278FDAABC76F}.Release|Any CPU.ActiveCfg = Release|Any CPU
		{C6C51E15-8915-4D80-9768-278FDAABC76F}.Release|Any CPU.Build.0 = Release|Any CPU
		{C6C51E15-8915-4D80-9768-278FDAABC76F}.Release|x64.ActiveCfg = Release|Any CPU
		{C6C51E15-8915-4D80-9768-278FDAABC76F}.Release|x64.Build.0 = Release|Any CPU
		{C6C51E15-8915-4D80-9768-278FDAABC76F}.Release|x86.ActiveCfg = Release|Any CPU
		{C6C51E15-8915-4D80-9768-278FDAABC76F}.Release|x86.Build.0 = Release|Any CPU
	EndGlobalSection
	GlobalSection(NestedProjects) = preSolution
		{A7A7D16C-07B2-46D5-A1AC-AC7DC5474777} = {B7D9E035-F77A-42CC-BB34-769252FC4596}
		{4E201D65-80A8-4C90-B9C9-51B0F079ED87} = {B7D9E035-F77A-42CC-BB34-769252FC4596}
		{8EE5D678-273B-49A6-BB85-E17FF47914B1} = {B7D9E035-F77A-42CC-BB34-769252FC4596}
		{D39A1B3B-8235-438F-9382-19EEB6ED08A1} = {B7D9E035-F77A-42CC-BB34-769252FC4596}
		{55CDE842-8BF3-4A06-A4DD-D26A9118D593} = {79FE3DCF-EA8C-4CEC-A384-82127E98E870}
		{F7FB1CF9-00E1-40D4-9BBA-76399FCA9BCC} = {79FE3DCF-EA8C-4CEC-A384-82127E98E870}
		{C10395C5-E94B-4474-B2CD-255193942635} = {79FE3DCF-EA8C-4CEC-A384-82127E98E870}
		{C6C51E15-8915-4D80-9768-278FDAABC76F} = {79FE3DCF-EA8C-4CEC-A384-82127E98E870}
	EndGlobalSection
EndGlobal
